
Microsoft Visual Studio Solution File, Format Version 12.00
# Visual Studio 15
VisualStudioVersion = 15.0.28010.2016
MinimumVisualStudioVersion = 10.0.40219.1
Project("{FAE04EC0-301F-11D3-BF4B-00C04F79EFBC}") = "MailProtocols", "MailProtocols\MailProtocols.csproj", "{264FFDD5-A4D9-43B4-82F9-AD3974C2A5B3}"
EndProject
Global
	GlobalSection(SolutionConfigurationPlatforms) = preSolution
		Debug|Any CPU = Debug|Any CPU
		Release|Any CPU = Release|Any CPU
	EndGlobalSection
	GlobalSection(ProjectConfigurationPlatforms) = postSolution
		{264FFDD5-A4D9-43B4-82F9-AD3974C2A5B3}.Debug|Any CPU.ActiveCfg = Debug|Any CPU
		{264FFDD5-A4D9-43B4-82F9-AD3974C2A5B3}.Debug|Any CPU.Build.0 = Debug|Any CPU
		{264FFDD5-A4D9-43B4-82F9-AD3974C2A5B3}.Release|Any CPU.ActiveCfg = Release|Any CPU
		{264FFDD5-A4D9-43B4-82F9-AD3974C2A5B3}.Release|Any CPU.Build.0 = Release|Any CPU
	EndGlobalSection
	GlobalSection(SolutionProperties) = preSolution
		HideSolutionNode = FALSE
	EndGlobalSection
	GlobalSection(ExtensibilityGlobals) = postSolution
		SolutionGuid = {C05C228A-F8A8-42CC-B0C8-A8EAC24B83CA}
	EndGlobalSection
EndGlobal
